// !$*UTF8*$!
{
	archiveVersion = 1;
	classes = {
	};
	objectVersion = 46;
	objects = {

/* Begin PBXBuildFile section */
		AB0FEBAE1F45F8FB009CAA4D /* FRAlertViewHelper.swift in Sources */ = {isa = PBXBuildFile; fileRef = AB0FEBAD1F45F8FB009CAA4D /* FRAlertViewHelper.swift */; };
		AB8465F71F45FB5E00DA9AA4 /* String+Extensions.swift in Sources */ = {isa = PBXBuildFile; fileRef = AB8465F61F45FB5E00DA9AA4 /* String+Extensions.swift */; };
		AB8465FD1F45FDF500DA9AA4 /* FRHomeViewController.swift in Sources */ = {isa = PBXBuildFile; fileRef = AB8465FC1F45FDF500DA9AA4 /* FRHomeViewController.swift */; };
		AB8466001F45FE0F00DA9AA4 /* FRHomeViewController.storyboard in Resources */ = {isa = PBXBuildFile; fileRef = AB8465FF1F45FE0F00DA9AA4 /* FRHomeViewController.storyboard */; };
		AB8466021F45FEAF00DA9AA4 /* FRMainNavigationController.swift in Sources */ = {isa = PBXBuildFile; fileRef = AB8466011F45FEAF00DA9AA4 /* FRMainNavigationController.swift */; };
		AB8466041F45FEE900DA9AA4 /* FRMainNavigationController.storyboard in Resources */ = {isa = PBXBuildFile; fileRef = AB8466031F45FEE900DA9AA4 /* FRMainNavigationController.storyboard */; };
		AB8466071F46017700DA9AA4 /* FRNewReportViewController.swift in Sources */ = {isa = PBXBuildFile; fileRef = AB8466061F46017700DA9AA4 /* FRNewReportViewController.swift */; };
		AB8466091F46018900DA9AA4 /* FRNewReportViewController.storyboard in Resources */ = {isa = PBXBuildFile; fileRef = AB8466081F46018900DA9AA4 /* FRNewReportViewController.storyboard */; };
		AB84660B1F4601F400DA9AA4 /* FRNewReportView.swift in Sources */ = {isa = PBXBuildFile; fileRef = AB84660A1F4601F400DA9AA4 /* FRNewReportView.swift */; };
		ABAC95741F45D15400C4D025 /* AppDelegate.swift in Sources */ = {isa = PBXBuildFile; fileRef = ABAC95731F45D15400C4D025 /* AppDelegate.swift */; };
		ABAC95791F45D15500C4D025 /* FRLoginViewController.storyboard in Resources */ = {isa = PBXBuildFile; fileRef = ABAC95771F45D15500C4D025 /* FRLoginViewController.storyboard */; };
		ABAC957B1F45D15500C4D025 /* Assets.xcassets in Resources */ = {isa = PBXBuildFile; fileRef = ABAC957A1F45D15500C4D025 /* Assets.xcassets */; };
		ABAC957E1F45D15500C4D025 /* LaunchScreen.storyboard in Resources */ = {isa = PBXBuildFile; fileRef = ABAC957C1F45D15500C4D025 /* LaunchScreen.storyboard */; };
		ABAC95861F45D35A00C4D025 /* FRLoginViewController.swift in Sources */ = {isa = PBXBuildFile; fileRef = ABAC95851F45D35A00C4D025 /* FRLoginViewController.swift */; };
		ABAC958B1F45DA2600C4D025 /* Realm.framework in Frameworks */ = {isa = PBXBuildFile; fileRef = ABAC95891F45DA2600C4D025 /* Realm.framework */; };
		ABAC958C1F45DA2600C4D025 /* RealmSwift.framework in Frameworks */ = {isa = PBXBuildFile; fileRef = ABAC958A1F45DA2600C4D025 /* RealmSwift.framework */; };
		ABAC958E1F45DBCD00C4D025 /* FRViewControllerFactory.swift in Sources */ = {isa = PBXBuildFile; fileRef = ABAC958D1F45DBCD00C4D025 /* FRViewControllerFactory.swift */; };
		ABAC95AE1F45DCD600C4D025 /* Swinject.framework in Frameworks */ = {isa = PBXBuildFile; fileRef = ABAC95AD1F45DCD600C4D025 /* Swinject.framework */; };
		ABAC95B71F45E11700C4D025 /* SwinjectStoryboard.framework in Frameworks */ = {isa = PBXBuildFile; fileRef = ABAC95AF1F45DCDA00C4D025 /* SwinjectStoryboard.framework */; };
		ABAC95B81F45E11700C4D025 /* SwinjectStoryboard.framework in Embed Frameworks */ = {isa = PBXBuildFile; fileRef = ABAC95AF1F45DCDA00C4D025 /* SwinjectStoryboard.framework */; settings = {ATTRIBUTES = (CodeSignOnCopy, RemoveHeadersOnCopy, ); }; };
		ABAC95BB1F45E15A00C4D025 /* SwinjectStoryboard.framework in CopyFiles */ = {isa = PBXBuildFile; fileRef = ABAC95AF1F45DCDA00C4D025 /* SwinjectStoryboard.framework */; settings = {ATTRIBUTES = (CodeSignOnCopy, RemoveHeadersOnCopy, ); }; };
		ABAC95BC1F45E17400C4D025 /* Swinject.framework in CopyFiles */ = {isa = PBXBuildFile; fileRef = ABAC95AD1F45DCD600C4D025 /* Swinject.framework */; settings = {ATTRIBUTES = (CodeSignOnCopy, RemoveHeadersOnCopy, ); }; };
		ABAC95BD1F45E18300C4D025 /* Realm.framework in CopyFiles */ = {isa = PBXBuildFile; fileRef = ABAC95891F45DA2600C4D025 /* Realm.framework */; settings = {ATTRIBUTES = (CodeSignOnCopy, RemoveHeadersOnCopy, ); }; };
		ABAC95BE1F45E18300C4D025 /* RealmSwift.framework in CopyFiles */ = {isa = PBXBuildFile; fileRef = ABAC958A1F45DA2600C4D025 /* RealmSwift.framework */; settings = {ATTRIBUTES = (CodeSignOnCopy, RemoveHeadersOnCopy, ); }; };
		ABAC95DF1F45E4C900C4D025 /* AppDelegateSpec.swift in Sources */ = {isa = PBXBuildFile; fileRef = ABAC95DE1F45E4C900C4D025 /* AppDelegateSpec.swift */; };
		ABAC95E51F45E52200C4D025 /* Nimble.framework in Frameworks */ = {isa = PBXBuildFile; fileRef = ABAC95E11F45E52000C4D025 /* Nimble.framework */; };
		ABAC95E61F45E52200C4D025 /* Quick.framework in Frameworks */ = {isa = PBXBuildFile; fileRef = ABAC95E21F45E52000C4D025 /* Quick.framework */; };
		ABAC95E91F45E54500C4D025 /* Nimble.framework in CopyFiles */ = {isa = PBXBuildFile; fileRef = ABAC95E11F45E52000C4D025 /* Nimble.framework */; settings = {ATTRIBUTES = (CodeSignOnCopy, RemoveHeadersOnCopy, ); }; };
		ABAC95EA1F45E54500C4D025 /* Quick.framework in CopyFiles */ = {isa = PBXBuildFile; fileRef = ABAC95E21F45E52000C4D025 /* Quick.framework */; settings = {ATTRIBUTES = (CodeSignOnCopy, RemoveHeadersOnCopy, ); }; };
		ABAC96091F45E60100C4D025 /* SwinjectStoryboard.framework in Frameworks */ = {isa = PBXBuildFile; fileRef = ABAC95AF1F45DCDA00C4D025 /* SwinjectStoryboard.framework */; };
		ABAC960A1F45E60300C4D025 /* Swinject.framework in Frameworks */ = {isa = PBXBuildFile; fileRef = ABAC95AD1F45DCD600C4D025 /* Swinject.framework */; };
		ABAC961B1F45EF5A00C4D025 /* FRStringConstants.swift in Sources */ = {isa = PBXBuildFile; fileRef = ABAC961A1F45EF5900C4D025 /* FRStringConstants.swift */; };
		ABAC961D1F45F0FC00C4D025 /* FRLoginView.swift in Sources */ = {isa = PBXBuildFile; fileRef = ABAC961C1F45F0FC00C4D025 /* FRLoginView.swift */; };
/* End PBXBuildFile section */

/* Begin PBXContainerItemProxy section */
		ABAC95D81F45E4AA00C4D025 /* PBXContainerItemProxy */ = {
			isa = PBXContainerItemProxy;
			containerPortal = ABAC95681F45D15400C4D025 /* Project object */;
			proxyType = 1;
			remoteGlobalIDString = ABAC956F1F45D15400C4D025;
			remoteInfo = FaultReport;
		};
/* End PBXContainerItemProxy section */

/* Begin PBXCopyFilesBuildPhase section */
		ABAC95B91F45E11700C4D025 /* Embed Frameworks */ = {
			isa = PBXCopyFilesBuildPhase;
			buildActionMask = 2147483647;
			dstPath = "";
			dstSubfolderSpec = 10;
			files = (
				ABAC95B81F45E11700C4D025 /* SwinjectStoryboard.framework in Embed Frameworks */,
			);
			name = "Embed Frameworks";
			runOnlyForDeploymentPostprocessing = 0;
		};
		ABAC95BA1F45E14B00C4D025 /* CopyFiles */ = {
			isa = PBXCopyFilesBuildPhase;
			buildActionMask = 2147483647;
			dstPath = "";
			dstSubfolderSpec = 10;
			files = (
				ABAC95BD1F45E18300C4D025 /* Realm.framework in CopyFiles */,
				ABAC95BE1F45E18300C4D025 /* RealmSwift.framework in CopyFiles */,
				ABAC95BC1F45E17400C4D025 /* Swinject.framework in CopyFiles */,
				ABAC95BB1F45E15A00C4D025 /* SwinjectStoryboard.framework in CopyFiles */,
			);
			runOnlyForDeploymentPostprocessing = 0;
		};
		ABAC95E81F45E53B00C4D025 /* CopyFiles */ = {
			isa = PBXCopyFilesBuildPhase;
			buildActionMask = 2147483647;
			dstPath = "";
			dstSubfolderSpec = 10;
			files = (
				ABAC95E91F45E54500C4D025 /* Nimble.framework in CopyFiles */,
				ABAC95EA1F45E54500C4D025 /* Quick.framework in CopyFiles */,
			);
			runOnlyForDeploymentPostprocessing = 0;
		};
/* End PBXCopyFilesBuildPhase section */

/* Begin PBXFileReference section */
		AB0FEBAD1F45F8FB009CAA4D /* FRAlertViewHelper.swift */ = {isa = PBXFileReference; fileEncoding = 4; lastKnownFileType = sourcecode.swift; path = FRAlertViewHelper.swift; sourceTree = "<group>"; };
		AB8465F61F45FB5E00DA9AA4 /* String+Extensions.swift */ = {isa = PBXFileReference; fileEncoding = 4; lastKnownFileType = sourcecode.swift; path = "String+Extensions.swift"; sourceTree = "<group>"; };
		AB8465FC1F45FDF500DA9AA4 /* FRHomeViewController.swift */ = {isa = PBXFileReference; fileEncoding = 4; lastKnownFileType = sourcecode.swift; name = FRHomeViewController.swift; path = FaultReport/FRHomeViewController.swift; sourceTree = "<group>"; };
		AB8465FF1F45FE0F00DA9AA4 /* FRHomeViewController.storyboard */ = {isa = PBXFileReference; fileEncoding = 4; lastKnownFileType = file.storyboard; path = FRHomeViewController.storyboard; sourceTree = "<group>"; };
		AB8466011F45FEAF00DA9AA4 /* FRMainNavigationController.swift */ = {isa = PBXFileReference; fileEncoding = 4; lastKnownFileType = sourcecode.swift; path = FRMainNavigationController.swift; sourceTree = "<group>"; };
		AB8466031F45FEE900DA9AA4 /* FRMainNavigationController.storyboard */ = {isa = PBXFileReference; fileEncoding = 4; lastKnownFileType = file.storyboard; path = FRMainNavigationController.storyboard; sourceTree = "<group>"; };
		AB8466061F46017700DA9AA4 /* FRNewReportViewController.swift */ = {isa = PBXFileReference; fileEncoding = 4; lastKnownFileType = sourcecode.swift; path = FRNewReportViewController.swift; sourceTree = "<group>"; };
		AB8466081F46018900DA9AA4 /* FRNewReportViewController.storyboard */ = {isa = PBXFileReference; fileEncoding = 4; lastKnownFileType = file.storyboard; path = FRNewReportViewController.storyboard; sourceTree = "<group>"; };
		AB84660A1F4601F400DA9AA4 /* FRNewReportView.swift */ = {isa = PBXFileReference; fileEncoding = 4; lastKnownFileType = sourcecode.swift; path = FRNewReportView.swift; sourceTree = "<group>"; };
		ABAC95701F45D15400C4D025 /* FaultReport.app */ = {isa = PBXFileReference; explicitFileType = wrapper.application; includeInIndex = 0; path = FaultReport.app; sourceTree = BUILT_PRODUCTS_DIR; };
		ABAC95731F45D15400C4D025 /* AppDelegate.swift */ = {isa = PBXFileReference; lastKnownFileType = sourcecode.swift; path = AppDelegate.swift; sourceTree = "<group>"; };
		ABAC95781F45D15500C4D025 /* Base */ = {isa = PBXFileReference; lastKnownFileType = file.storyboard; name = Base; path = Base.lproj/FRLoginViewController.storyboard; sourceTree = "<group>"; };
		ABAC957A1F45D15500C4D025 /* Assets.xcassets */ = {isa = PBXFileReference; lastKnownFileType = folder.assetcatalog; path = Assets.xcassets; sourceTree = "<group>"; };
		ABAC957D1F45D15500C4D025 /* Base */ = {isa = PBXFileReference; lastKnownFileType = file.storyboard; name = Base; path = Base.lproj/LaunchScreen.storyboard; sourceTree = "<group>"; };
		ABAC957F1F45D15500C4D025 /* Info.plist */ = {isa = PBXFileReference; lastKnownFileType = text.plist.xml; path = Info.plist; sourceTree = "<group>"; };
		ABAC95851F45D35A00C4D025 /* FRLoginViewController.swift */ = {isa = PBXFileReference; fileEncoding = 4; lastKnownFileType = sourcecode.swift; path = FRLoginViewController.swift; sourceTree = "<group>"; };
		ABAC95891F45DA2600C4D025 /* Realm.framework */ = {isa = PBXFileReference; lastKnownFileType = wrapper.framework; path = Realm.framework; sourceTree = "<group>"; };
		ABAC958A1F45DA2600C4D025 /* RealmSwift.framework */ = {isa = PBXFileReference; lastKnownFileType = wrapper.framework; path = RealmSwift.framework; sourceTree = "<group>"; };
		ABAC958D1F45DBCD00C4D025 /* FRViewControllerFactory.swift */ = {isa = PBXFileReference; fileEncoding = 4; lastKnownFileType = sourcecode.swift; path = FRViewControllerFactory.swift; sourceTree = "<group>"; };
		ABAC95AD1F45DCD600C4D025 /* Swinject.framework */ = {isa = PBXFileReference; lastKnownFileType = wrapper.framework; path = Swinject.framework; sourceTree = "<group>"; };
		ABAC95AF1F45DCDA00C4D025 /* SwinjectStoryboard.framework */ = {isa = PBXFileReference; lastKnownFileType = wrapper.framework; path = SwinjectStoryboard.framework; sourceTree = "<group>"; };
		ABAC95D31F45E4AA00C4D025 /* FaultReportTests.xctest */ = {isa = PBXFileReference; explicitFileType = wrapper.cfbundle; includeInIndex = 0; path = FaultReportTests.xctest; sourceTree = BUILT_PRODUCTS_DIR; };
		ABAC95D71F45E4AA00C4D025 /* Info.plist */ = {isa = PBXFileReference; lastKnownFileType = text.plist.xml; path = Info.plist; sourceTree = "<group>"; };
		ABAC95DE1F45E4C900C4D025 /* AppDelegateSpec.swift */ = {isa = PBXFileReference; fileEncoding = 4; lastKnownFileType = sourcecode.swift; path = AppDelegateSpec.swift; sourceTree = "<group>"; };
		ABAC95E01F45E50C00C4D025 /* FaultReportTests-Bridging-Header.h */ = {isa = PBXFileReference; lastKnownFileType = sourcecode.c.h; path = "FaultReportTests-Bridging-Header.h"; sourceTree = "<group>"; };
		ABAC95E11F45E52000C4D025 /* Nimble.framework */ = {isa = PBXFileReference; lastKnownFileType = wrapper.framework; name = Nimble.framework; path = ../FaultReport/Nimble.framework; sourceTree = "<group>"; };
		ABAC95E21F45E52000C4D025 /* Quick.framework */ = {isa = PBXFileReference; lastKnownFileType = wrapper.framework; name = Quick.framework; path = ../FaultReport/Quick.framework; sourceTree = "<group>"; };
		ABAC961A1F45EF5900C4D025 /* FRStringConstants.swift */ = {isa = PBXFileReference; fileEncoding = 4; lastKnownFileType = sourcecode.swift; path = FRStringConstants.swift; sourceTree = "<group>"; };
		ABAC961C1F45F0FC00C4D025 /* FRLoginView.swift */ = {isa = PBXFileReference; fileEncoding = 4; lastKnownFileType = sourcecode.swift; path = FRLoginView.swift; sourceTree = "<group>"; };
/* End PBXFileReference section */

/* Begin PBXFrameworksBuildPhase section */
		ABAC956D1F45D15400C4D025 /* Frameworks */ = {
			isa = PBXFrameworksBuildPhase;
			buildActionMask = 2147483647;
			files = (
				ABAC95B71F45E11700C4D025 /* SwinjectStoryboard.framework in Frameworks */,
				ABAC95AE1F45DCD600C4D025 /* Swinject.framework in Frameworks */,
				ABAC958C1F45DA2600C4D025 /* RealmSwift.framework in Frameworks */,
				ABAC958B1F45DA2600C4D025 /* Realm.framework in Frameworks */,
			);
			runOnlyForDeploymentPostprocessing = 0;
		};
		ABAC95D01F45E4AA00C4D025 /* Frameworks */ = {
			isa = PBXFrameworksBuildPhase;
			buildActionMask = 2147483647;
			files = (
				ABAC95E61F45E52200C4D025 /* Quick.framework in Frameworks */,
				ABAC960A1F45E60300C4D025 /* Swinject.framework in Frameworks */,
				ABAC95E51F45E52200C4D025 /* Nimble.framework in Frameworks */,
				ABAC96091F45E60100C4D025 /* SwinjectStoryboard.framework in Frameworks */,
			);
			runOnlyForDeploymentPostprocessing = 0;
		};
/* End PBXFrameworksBuildPhase section */

/* Begin PBXGroup section */
		AB0FEBAF1F45F900009CAA4D /* Helpers */ = {
			isa = PBXGroup;
			children = (
				ABAC961A1F45EF5900C4D025 /* FRStringConstants.swift */,
				AB0FEBAD1F45F8FB009CAA4D /* FRAlertViewHelper.swift */,
				ABAC958D1F45DBCD00C4D025 /* FRViewControllerFactory.swift */,
			);
			name = Helpers;
			sourceTree = "<group>";
		};
		AB8465F51F45FB4E00DA9AA4 /* Extension */ = {
			isa = PBXGroup;
			children = (
				AB8465F61F45FB5E00DA9AA4 /* String+Extensions.swift */,
			);
			name = Extension;
			sourceTree = "<group>";
		};
		AB8465F81F45FD8B00DA9AA4 /* Login */ = {
			isa = PBXGroup;
			children = (
				ABAC961C1F45F0FC00C4D025 /* FRLoginView.swift */,
				ABAC95851F45D35A00C4D025 /* FRLoginViewController.swift */,
				ABAC95771F45D15500C4D025 /* FRLoginViewController.storyboard */,
			);
			name = Login;
			sourceTree = "<group>";
		};
		AB8465FE1F45FDFA00DA9AA4 /* Home */ = {
			isa = PBXGroup;
			children = (
				AB8466011F45FEAF00DA9AA4 /* FRMainNavigationController.swift */,
				AB8466031F45FEE900DA9AA4 /* FRMainNavigationController.storyboard */,
				AB8465FC1F45FDF500DA9AA4 /* FRHomeViewController.swift */,
				AB8465FF1F45FE0F00DA9AA4 /* FRHomeViewController.storyboard */,
			);
			name = Home;
			path = ..;
			sourceTree = "<group>";
		};
		AB8466051F46011000DA9AA4 /* Report */ = {
			isa = PBXGroup;
			children = (
				AB8466061F46017700DA9AA4 /* FRNewReportViewController.swift */,
				AB8466081F46018900DA9AA4 /* FRNewReportViewController.storyboard */,
				AB84660A1F4601F400DA9AA4 /* FRNewReportView.swift */,
			);
			name = Report;
			sourceTree = "<group>";
		};
		ABAC95671F45D15400C4D025 = {
			isa = PBXGroup;
			children = (
				ABAC95721F45D15400C4D025 /* FaultReport */,
				ABAC95D41F45E4AA00C4D025 /* FaultReportTests */,
				ABAC95711F45D15400C4D025 /* Products */,
			);
			sourceTree = "<group>";
		};
		ABAC95711F45D15400C4D025 /* Products */ = {
			isa = PBXGroup;
			children = (
				ABAC95701F45D15400C4D025 /* FaultReport.app */,
				ABAC95D31F45E4AA00C4D025 /* FaultReportTests.xctest */,
			);
			name = Products;
			sourceTree = "<group>";
		};
		ABAC95721F45D15400C4D025 /* FaultReport */ = {
			isa = PBXGroup;
			children = (
				ABAC95731F45D15400C4D025 /* AppDelegate.swift */,
				AB8465F51F45FB4E00DA9AA4 /* Extension */,
				AB0FEBAF1F45F900009CAA4D /* Helpers */,
				AB8465F81F45FD8B00DA9AA4 /* Login */,
				AB8465FE1F45FDFA00DA9AA4 /* Home */,
				AB8466051F46011000DA9AA4 /* Report */,
				ABAC95881F45D9FA00C4D025 /* Resources */,
				ABAC95871F45D9EE00C4D025 /* Frameworks */,
			);
			path = FaultReport;
			sourceTree = "<group>";
		};
		ABAC95871F45D9EE00C4D025 /* Frameworks */ = {
			isa = PBXGroup;
			children = (
				ABAC95AF1F45DCDA00C4D025 /* SwinjectStoryboard.framework */,
				ABAC95AD1F45DCD600C4D025 /* Swinject.framework */,
				ABAC95891F45DA2600C4D025 /* Realm.framework */,
				ABAC958A1F45DA2600C4D025 /* RealmSwift.framework */,
			);
			name = Frameworks;
			sourceTree = "<group>";
		};
		ABAC95881F45D9FA00C4D025 /* Resources */ = {
			isa = PBXGroup;
			children = (
				ABAC957A1F45D15500C4D025 /* Assets.xcassets */,
				ABAC957C1F45D15500C4D025 /* LaunchScreen.storyboard */,
				ABAC957F1F45D15500C4D025 /* Info.plist */,
			);
			name = Resources;
			sourceTree = "<group>";
		};
		ABAC95D41F45E4AA00C4D025 /* FaultReportTests */ = {
			isa = PBXGroup;
			children = (
				ABAC95D71F45E4AA00C4D025 /* Info.plist */,
				ABAC95DE1F45E4C900C4D025 /* AppDelegateSpec.swift */,
				ABAC95E01F45E50C00C4D025 /* FaultReportTests-Bridging-Header.h */,
				ABAC95E71F45E52700C4D025 /* Frameworks */,
			);
			path = FaultReportTests;
			sourceTree = "<group>";
		};
		ABAC95E71F45E52700C4D025 /* Frameworks */ = {
			isa = PBXGroup;
			children = (
				ABAC95E11F45E52000C4D025 /* Nimble.framework */,
				ABAC95E21F45E52000C4D025 /* Quick.framework */,
			);
			name = Frameworks;
			sourceTree = "<group>";
		};
/* End PBXGroup section */

/* Begin PBXNativeTarget section */
		ABAC956F1F45D15400C4D025 /* FaultReport */ = {
			isa = PBXNativeTarget;
			buildConfigurationList = ABAC95821F45D15500C4D025 /* Build configuration list for PBXNativeTarget "FaultReport" */;
			buildPhases = (
				ABAC956C1F45D15400C4D025 /* Sources */,
				ABAC956D1F45D15400C4D025 /* Frameworks */,
				ABAC956E1F45D15400C4D025 /* Resources */,
				ABAC95B91F45E11700C4D025 /* Embed Frameworks */,
				ABAC95BA1F45E14B00C4D025 /* CopyFiles */,
			);
			buildRules = (
			);
			dependencies = (
			);
			name = FaultReport;
			productName = FaultReport;
			productReference = ABAC95701F45D15400C4D025 /* FaultReport.app */;
			productType = "com.apple.product-type.application";
		};
		ABAC95D21F45E4AA00C4D025 /* FaultReportTests */ = {
			isa = PBXNativeTarget;
			buildConfigurationList = ABAC95DA1F45E4AA00C4D025 /* Build configuration list for PBXNativeTarget "FaultReportTests" */;
			buildPhases = (
				ABAC95CF1F45E4AA00C4D025 /* Sources */,
				ABAC95D01F45E4AA00C4D025 /* Frameworks */,
				ABAC95D11F45E4AA00C4D025 /* Resources */,
				ABAC95E81F45E53B00C4D025 /* CopyFiles */,
			);
			buildRules = (
			);
			dependencies = (
				ABAC95D91F45E4AA00C4D025 /* PBXTargetDependency */,
			);
			name = FaultReportTests;
			productName = FaultReportTests;
			productReference = ABAC95D31F45E4AA00C4D025 /* FaultReportTests.xctest */;
			productType = "com.apple.product-type.bundle.unit-test";
		};
/* End PBXNativeTarget section */

/* Begin PBXProject section */
		ABAC95681F45D15400C4D025 /* Project object */ = {
			isa = PBXProject;
			attributes = {
				LastSwiftUpdateCheck = 0830;
				LastUpgradeCheck = 0830;
				ORGANIZATIONNAME = lawrey;
				TargetAttributes = {
					ABAC956F1F45D15400C4D025 = {
						CreatedOnToolsVersion = 8.3.3;
						ProvisioningStyle = Manual;
					};
					ABAC95D21F45E4AA00C4D025 = {
						CreatedOnToolsVersion = 8.3.3;
						DevelopmentTeam = 5U4MH93EC9;
						LastSwiftMigration = 0830;
						ProvisioningStyle = Automatic;
						TestTargetID = ABAC956F1F45D15400C4D025;
					};
				};
			};
			buildConfigurationList = ABAC956B1F45D15400C4D025 /* Build configuration list for PBXProject "FaultReport" */;
			compatibilityVersion = "Xcode 3.2";
			developmentRegion = English;
			hasScannedForEncodings = 0;
			knownRegions = (
				en,
				Base,
			);
			mainGroup = ABAC95671F45D15400C4D025;
			productRefGroup = ABAC95711F45D15400C4D025 /* Products */;
			projectDirPath = "";
			projectRoot = "";
			targets = (
				ABAC956F1F45D15400C4D025 /* FaultReport */,
				ABAC95D21F45E4AA00C4D025 /* FaultReportTests */,
			);
		};
/* End PBXProject section */

/* Begin PBXResourcesBuildPhase section */
		ABAC956E1F45D15400C4D025 /* Resources */ = {
			isa = PBXResourcesBuildPhase;
			buildActionMask = 2147483647;
			files = (
				ABAC957E1F45D15500C4D025 /* LaunchScreen.storyboard in Resources */,
				ABAC957B1F45D15500C4D025 /* Assets.xcassets in Resources */,
				AB8466001F45FE0F00DA9AA4 /* FRHomeViewController.storyboard in Resources */,
				AB8466041F45FEE900DA9AA4 /* FRMainNavigationController.storyboard in Resources */,
				ABAC95791F45D15500C4D025 /* FRLoginViewController.storyboard in Resources */,
				AB8466091F46018900DA9AA4 /* FRNewReportViewController.storyboard in Resources */,
			);
			runOnlyForDeploymentPostprocessing = 0;
		};
		ABAC95D11F45E4AA00C4D025 /* Resources */ = {
			isa = PBXResourcesBuildPhase;
			buildActionMask = 2147483647;
			files = (
			);
			runOnlyForDeploymentPostprocessing = 0;
		};
/* End PBXResourcesBuildPhase section */

/* Begin PBXSourcesBuildPhase section */
		ABAC956C1F45D15400C4D025 /* Sources */ = {
			isa = PBXSourcesBuildPhase;
			buildActionMask = 2147483647;
			files = (
				ABAC961B1F45EF5A00C4D025 /* FRStringConstants.swift in Sources */,
				AB8465F71F45FB5E00DA9AA4 /* String+Extensions.swift in Sources */,
				AB8466071F46017700DA9AA4 /* FRNewReportViewController.swift in Sources */,
				ABAC961D1F45F0FC00C4D025 /* FRLoginView.swift in Sources */,
				ABAC95861F45D35A00C4D025 /* FRLoginViewController.swift in Sources */,
				AB0FEBAE1F45F8FB009CAA4D /* FRAlertViewHelper.swift in Sources */,
				AB8465FD1F45FDF500DA9AA4 /* FRHomeViewController.swift in Sources */,
				ABAC95741F45D15400C4D025 /* AppDelegate.swift in Sources */,
				AB8466021F45FEAF00DA9AA4 /* FRMainNavigationController.swift in Sources */,
				ABAC958E1F45DBCD00C4D025 /* FRViewControllerFactory.swift in Sources */,
				AB84660B1F4601F400DA9AA4 /* FRNewReportView.swift in Sources */,
			);
			runOnlyForDeploymentPostprocessing = 0;
		};
		ABAC95CF1F45E4AA00C4D025 /* Sources */ = {
			isa = PBXSourcesBuildPhase;
			buildActionMask = 2147483647;
			files = (
				ABAC95DF1F45E4C900C4D025 /* AppDelegateSpec.swift in Sources */,
			);
			runOnlyForDeploymentPostprocessing = 0;
		};
/* End PBXSourcesBuildPhase section */

/* Begin PBXTargetDependency section */
		ABAC95D91F45E4AA00C4D025 /* PBXTargetDependency */ = {
			isa = PBXTargetDependency;
			target = ABAC956F1F45D15400C4D025 /* FaultReport */;
			targetProxy = ABAC95D81F45E4AA00C4D025 /* PBXContainerItemProxy */;
		};
/* End PBXTargetDependency section */

/* Begin PBXVariantGroup section */
		ABAC95771F45D15500C4D025 /* FRLoginViewController.storyboard */ = {
			isa = PBXVariantGroup;
			children = (
				ABAC95781F45D15500C4D025 /* Base */,
			);
			name = FRLoginViewController.storyboard;
			sourceTree = "<group>";
		};
		ABAC957C1F45D15500C4D025 /* LaunchScreen.storyboard */ = {
			isa = PBXVariantGroup;
			children = (
				ABAC957D1F45D15500C4D025 /* Base */,
			);
			name = LaunchScreen.storyboard;
			sourceTree = "<group>";
		};
/* End PBXVariantGroup section */

/* Begin XCBuildConfiguration section */
		ABAC95801F45D15500C4D025 /* Debug */ = {
			isa = XCBuildConfiguration;
			buildSettings = {
				ALWAYS_SEARCH_USER_PATHS = NO;
				CLANG_ANALYZER_NONNULL = YES;
				CLANG_ANALYZER_NUMBER_OBJECT_CONVERSION = YES_AGGRESSIVE;
				CLANG_CXX_LANGUAGE_STANDARD = "gnu++0x";
				CLANG_CXX_LIBRARY = "libc++";
				CLANG_ENABLE_MODULES = YES;
				CLANG_ENABLE_OBJC_ARC = YES;
				CLANG_WARN_BOOL_CONVERSION = YES;
				CLANG_WARN_CONSTANT_CONVERSION = YES;
				CLANG_WARN_DIRECT_OBJC_ISA_USAGE = YES_ERROR;
				CLANG_WARN_DOCUMENTATION_COMMENTS = YES;
				CLANG_WARN_EMPTY_BODY = YES;
				CLANG_WARN_ENUM_CONVERSION = YES;
				CLANG_WARN_INFINITE_RECURSION = YES;
				CLANG_WARN_INT_CONVERSION = YES;
				CLANG_WARN_OBJC_ROOT_CLASS = YES_ERROR;
				CLANG_WARN_SUSPICIOUS_MOVE = YES;
				CLANG_WARN_UNREACHABLE_CODE = YES;
				CLANG_WARN__DUPLICATE_METHOD_MATCH = YES;
				"CODE_SIGN_IDENTITY[sdk=iphoneos*]" = "iPhone Developer";
				COPY_PHASE_STRIP = NO;
				DEBUG_INFORMATION_FORMAT = dwarf;
				ENABLE_STRICT_OBJC_MSGSEND = YES;
				ENABLE_TESTABILITY = YES;
				GCC_C_LANGUAGE_STANDARD = gnu99;
				GCC_DYNAMIC_NO_PIC = NO;
				GCC_NO_COMMON_BLOCKS = YES;
				GCC_OPTIMIZATION_LEVEL = 0;
				GCC_PREPROCESSOR_DEFINITIONS = (
					"DEBUG=1",
					"$(inherited)",
				);
				GCC_WARN_64_TO_32_BIT_CONVERSION = YES;
				GCC_WARN_ABOUT_RETURN_TYPE = YES_ERROR;
				GCC_WARN_UNDECLARED_SELECTOR = YES;
				GCC_WARN_UNINITIALIZED_AUTOS = YES_AGGRESSIVE;
				GCC_WARN_UNUSED_FUNCTION = YES;
				GCC_WARN_UNUSED_VARIABLE = YES;
				IPHONEOS_DEPLOYMENT_TARGET = 10.3;
				MTL_ENABLE_DEBUG_INFO = YES;
				ONLY_ACTIVE_ARCH = YES;
				SDKROOT = iphoneos;
				SWIFT_ACTIVE_COMPILATION_CONDITIONS = DEBUG;
				SWIFT_OPTIMIZATION_LEVEL = "-Onone";
			};
			name = Debug;
		};
		ABAC95811F45D15500C4D025 /* Release */ = {
			isa = XCBuildConfiguration;
			buildSettings = {
				ALWAYS_SEARCH_USER_PATHS = NO;
				CLANG_ANALYZER_NONNULL = YES;
				CLANG_ANALYZER_NUMBER_OBJECT_CONVERSION = YES_AGGRESSIVE;
				CLANG_CXX_LANGUAGE_STANDARD = "gnu++0x";
				CLANG_CXX_LIBRARY = "libc++";
				CLANG_ENABLE_MODULES = YES;
				CLANG_ENABLE_OBJC_ARC = YES;
				CLANG_WARN_BOOL_CONVERSION = YES;
				CLANG_WARN_CONSTANT_CONVERSION = YES;
				CLANG_WARN_DIRECT_OBJC_ISA_USAGE = YES_ERROR;
				CLANG_WARN_DOCUMENTATION_COMMENTS = YES;
				CLANG_WARN_EMPTY_BODY = YES;
				CLANG_WARN_ENUM_CONVERSION = YES;
				CLANG_WARN_INFINITE_RECURSION = YES;
				CLANG_WARN_INT_CONVERSION = YES;
				CLANG_WARN_OBJC_ROOT_CLASS = YES_ERROR;
				CLANG_WARN_SUSPICIOUS_MOVE = YES;
				CLANG_WARN_UNREACHABLE_CODE = YES;
				CLANG_WARN__DUPLICATE_METHOD_MATCH = YES;
				"CODE_SIGN_IDENTITY[sdk=iphoneos*]" = "iPhone Developer";
				COPY_PHASE_STRIP = NO;
				DEBUG_INFORMATION_FORMAT = "dwarf-with-dsym";
				ENABLE_NS_ASSERTIONS = NO;
				ENABLE_STRICT_OBJC_MSGSEND = YES;
				GCC_C_LANGUAGE_STANDARD = gnu99;
				GCC_NO_COMMON_BLOCKS = YES;
				GCC_WARN_64_TO_32_BIT_CONVERSION = YES;
				GCC_WARN_ABOUT_RETURN_TYPE = YES_ERROR;
				GCC_WARN_UNDECLARED_SELECTOR = YES;
				GCC_WARN_UNINITIALIZED_AUTOS = YES_AGGRESSIVE;
				GCC_WARN_UNUSED_FUNCTION = YES;
				GCC_WARN_UNUSED_VARIABLE = YES;
				IPHONEOS_DEPLOYMENT_TARGET = 10.3;
				MTL_ENABLE_DEBUG_INFO = NO;
				SDKROOT = iphoneos;
				SWIFT_OPTIMIZATION_LEVEL = "-Owholemodule";
				VALIDATE_PRODUCT = YES;
			};
			name = Release;
		};
		ABAC95831F45D15500C4D025 /* Debug */ = {
			isa = XCBuildConfiguration;
			buildSettings = {
				ASSETCATALOG_COMPILER_APPICON_NAME = AppIcon;
				DEVELOPMENT_TEAM = "";
				FRAMEWORK_SEARCH_PATHS = (
					"$(inherited)",
					"$(PROJECT_DIR)/FaultReport",
				);
				INFOPLIST_FILE = FaultReport/Info.plist;
				LD_RUNPATH_SEARCH_PATHS = "$(inherited) @executable_path/Frameworks";
				PRODUCT_BUNDLE_IDENTIFIER = com.lawrey.FaultReport;
				PRODUCT_NAME = "$(TARGET_NAME)";
				PROVISIONING_PROFILE_SPECIFIER = "";
				SWIFT_VERSION = 3.0;
			};
			name = Debug;
		};
		ABAC95841F45D15500C4D025 /* Release */ = {
			isa = XCBuildConfiguration;
			buildSettings = {
				ASSETCATALOG_COMPILER_APPICON_NAME = AppIcon;
				DEVELOPMENT_TEAM = "";
				FRAMEWORK_SEARCH_PATHS = (
					"$(inherited)",
					"$(PROJECT_DIR)/FaultReport",
				);
				INFOPLIST_FILE = FaultReport/Info.plist;
				LD_RUNPATH_SEARCH_PATHS = "$(inherited) @executable_path/Frameworks";
				PRODUCT_BUNDLE_IDENTIFIER = com.lawrey.FaultReport;
				PRODUCT_NAME = "$(TARGET_NAME)";
				PROVISIONING_PROFILE_SPECIFIER = "";
				SWIFT_VERSION = 3.0;
			};
			name = Release;
		};
		ABAC95DB1F45E4AA00C4D025 /* Debug */ = {
			isa = XCBuildConfiguration;
			buildSettings = {
				BUNDLE_LOADER = "$(TEST_HOST)";
				CLANG_ENABLE_MODULES = YES;
				DEVELOPMENT_TEAM = 5U4MH93EC9;
				FRAMEWORK_SEARCH_PATHS = (
					"$(inherited)",
					"$(PROJECT_DIR)/FaultReport",
				);
				INFOPLIST_FILE = FaultReportTests/Info.plist;
				LD_RUNPATH_SEARCH_PATHS = "$(inherited) @executable_path/Frameworks @loader_path/Frameworks";
				PRODUCT_BUNDLE_IDENTIFIER = com.lawrey.FaultReportTests;
				PRODUCT_NAME = "$(TARGET_NAME)";
				SWIFT_OBJC_BRIDGING_HEADER = "FaultReportTests/FaultReportTests-Bridging-Header.h";
				SWIFT_OPTIMIZATION_LEVEL = "-Onone";
				SWIFT_VERSION = 3.0;
				TEST_HOST = "$(BUILT_PRODUCTS_DIR)/FaultReport.app/FaultReport";
			};
			name = Debug;
		};
		ABAC95DC1F45E4AA00C4D025 /* Release */ = {
			isa = XCBuildConfiguration;
			buildSettings = {
				BUNDLE_LOADER = "$(TEST_HOST)";
				CLANG_ENABLE_MODULES = YES;
				DEVELOPMENT_TEAM = 5U4MH93EC9;
				FRAMEWORK_SEARCH_PATHS = (
					"$(inherited)",
					"$(PROJECT_DIR)/FaultReport",
				);
				INFOPLIST_FILE = FaultReportTests/Info.plist;
				LD_RUNPATH_SEARCH_PATHS = "$(inherited) @executable_path/Frameworks @loader_path/Frameworks";
				PRODUCT_BUNDLE_IDENTIFIER = com.lawrey.FaultReportTests;
				PRODUCT_NAME = "$(TARGET_NAME)";
				SWIFT_OBJC_BRIDGING_HEADER = "FaultReportTests/FaultReportTests-Bridging-Header.h";
				SWIFT_VERSION = 3.0;
				TEST_HOST = "$(BUILT_PRODUCTS_DIR)/FaultReport.app/FaultReport";
			};
			name = Release;
		};
/* End XCBuildConfiguration section */

/* Begin XCConfigurationList section */
		ABAC956B1F45D15400C4D025 /* Build configuration list for PBXProject "FaultReport" */ = {
			isa = XCConfigurationList;
			buildConfigurations = (
				ABAC95801F45D15500C4D025 /* Debug */,
				ABAC95811F45D15500C4D025 /* Release */,
			);
			defaultConfigurationIsVisible = 0;
			defaultConfigurationName = Release;
		};
		ABAC95821F45D15500C4D025 /* Build configuration list for PBXNativeTarget "FaultReport" */ = {
			isa = XCConfigurationList;
			buildConfigurations = (
				ABAC95831F45D15500C4D025 /* Debug */,
				ABAC95841F45D15500C4D025 /* Release */,
			);
			defaultConfigurationIsVisible = 0;
			defaultConfigurationName = Release;
		};
		ABAC95DA1F45E4AA00C4D025 /* Build configuration list for PBXNativeTarget "FaultReportTests" */ = {
			isa = XCConfigurationList;
			buildConfigurations = (
				ABAC95DB1F45E4AA00C4D025 /* Debug */,
				ABAC95DC1F45E4AA00C4D025 /* Release */,
			);
			defaultConfigurationIsVisible = 0;
			defaultConfigurationName = Release;
		};
/* End XCConfigurationList section */
	};
	rootObject = ABAC95681F45D15400C4D025 /* Project object */;
}
